{
  "version": "5",
  "specifiers": {
    "npm:pyodide@0.26.4": "0.26.4"
  },
  "npm": {
    "pyodide@0.26.4": {
      "integrity": "sha512-z2CHsjVlhhJi5tYBF0AYAfNEPo3zq/z+xOpFtk1tweJkRaTqU4UK/7pLvo8DBU2VDPH31vB3pSI+8fnoqrVrFg==",
      "dependencies": [
        "ws"
      ]
    },
    "ws@8.18.2": {
      "integrity": "sha512-DMricUmwGZUVr++AEAe2uiVM7UoO9MAVZMDu05UQOaUII0lp+zOzLLU4Xqh/JvTqklB1T4uELaaPBKyjE1r4fQ=="
    }
  },
  "workspace": {
    "dependencies": [
      "npm:pyodide@0.27.6"
    ]
  }
}
